schema: '2.0'
stages:
  branch_a_step1@1:
    cmd: python3 simulate_research.py branch_a_step1 --item 1
    deps:
    - hash: md5
      md5: a2291a7b5ee9b2b538d28e0ce4996955
      path: artifacts/prep.txt
      size: 71
    - hash: md5
      md5: '00000000000000000000000000000000'
      path: simulate_research.py
      size: 23231
    outs:
    - hash: md5
      md5: 9d621fa413999b74ce41dae96574ea1a
      path: artifacts/branch_a1_1.bin
      size: 52428800
    - hash: md5
      md5: 8c80414cad07f36099e0eaba81ab7cbb
      path: metrics/branch_a1_1.json
      size: 156
  branch_a_step1@2:
    cmd: python3 simulate_research.py branch_a_step1 --item 2
    deps:
    - hash: md5
      md5: a2291a7b5ee9b2b538d28e0ce4996955
      path: artifacts/prep.txt
      size: 71
    - hash: md5
      md5: '00000000000000000000000000000000'
      path: simulate_research.py
      size: 23231
    outs:
    - hash: md5
      md5: e43d442be0f9d6ee914d42c7d6ab9bbf
      path: artifacts/branch_a1_2.bin
      size: 52428800
    - hash: md5
      md5: 1ffdbb6c1d6a18e647229136a28ebafc
      path: metrics/branch_a1_2.json
      size: 156
  branch_a_step2@1:
    cmd: python3 simulate_research.py branch_a_step2 --item 1
    deps:
    - hash: md5
      md5: 9d621fa413999b74ce41dae96574ea1a
      path: artifacts/branch_a1_1.bin
      size: 52428800
    - hash: md5
      md5: '00000000000000000000000000000000'
      path: simulate_research.py
      size: 23231
    outs:
    - hash: md5
      md5: d9ea490137e1bec669d52ab01e42ebcc
      path: artifacts/branch_a2_1.bin
      size: 52428800
    - hash: md5
      md5: 820ff060b01cc08c482953f7a8226e44
      path: metrics/branch_a2_1.json
      size: 156
  branch_a_step2@2:
    cmd: python3 simulate_research.py branch_a_step2 --item 2
    deps:
    - hash: md5
      md5: e43d442be0f9d6ee914d42c7d6ab9bbf
      path: artifacts/branch_a1_2.bin
      size: 52428800
    - hash: md5
      md5: '00000000000000000000000000000000'
      path: simulate_research.py
      size: 23231
    outs:
    - hash: md5
      md5: d364b78d65514cb4a964ca0eb2b5e398
      path: artifacts/branch_a2_2.bin
      size: 52428800
    - hash: md5
      md5: 9f48209fff9412057c9fd1a04ac7c6ec
      path: metrics/branch_a2_2.json
      size: 156
  branch_b_step1:
    cmd: python3 simulate_research.py branch_b_step1
    deps:
    - hash: md5
      md5: a2291a7b5ee9b2b538d28e0ce4996955
      path: artifacts/prep.txt
      size: 71
    - hash: md5
      md5: '00000000000000000000000000000000'
      path: simulate_research.py
      size: 23231
    outs:
    - hash: md5
      md5: 5879f60fbbace1f73b31e21a4312a01e
      path: artifacts/branch_b1.bin
      size: 52428800
    - hash: md5
      md5: 9751b7165e666f5f59f9b408183ba393
      path: metrics/branch_b1.json
      size: 139
  branch_b_step2:
    cmd: python3 simulate_research.py branch_b_step2
    deps:
    - hash: md5
      md5: 5879f60fbbace1f73b31e21a4312a01e
      path: artifacts/branch_b1.bin
      size: 52428800
    - hash: md5
      md5: '00000000000000000000000000000000'
      path: simulate_research.py
      size: 23231
    outs:
    - hash: md5
      md5: f94e9b21d43115aca412cc31c2d0d2d6
      path: artifacts/branch_b2.bin
      size: 52428800
    - hash: md5
      md5: cd4bf68a0edbb87374de720bc4ce2436
      path: metrics/branch_b2.json
      size: 139
  join:
    cmd: python3 simulate_research.py join
    deps:
    - hash: md5
      md5: d9ea490137e1bec669d52ab01e42ebcc
      path: artifacts/branch_a2_1.bin
      size: 52428800
    - hash: md5
      md5: d364b78d65514cb4a964ca0eb2b5e398
      path: artifacts/branch_a2_2.bin
      size: 52428800
    - hash: md5
      md5: f94e9b21d43115aca412cc31c2d0d2d6
      path: artifacts/branch_b2.bin
      size: 52428800
    - hash: md5
      md5: 59a3b7bc05565aa8f3329e636629a97d
      path: artifacts/pack_light_1.bin
      size: 10485760
    - hash: md5
      md5: 7a3da3fe48338bb7a947936ea99e64f6
      path: artifacts/pack_light_2.bin
      size: 10485760
    - hash: md5
      md5: '00000000000000000000000000000000'
      path: simulate_research.py
      size: 23231
    outs:
    - hash: md5
      md5: f9deab70dcac3b97d1a7458328de7b95
      path: artifacts/join_summary.txt
      size: 496
    - hash: md5
      md5: 1f93426927c9ef256323ebd10c25262f
      path: metrics/join.json
      size: 519
  pack_light_1:
    cmd: python3 simulate_research.py pack_light_1
    deps:
    - hash: md5
      md5: a2291a7b5ee9b2b538d28e0ce4996955
      path: artifacts/prep.txt
      size: 71
    - hash: md5
      md5: '00000000000000000000000000000000'
      path: simulate_research.py
      size: 23231
    outs:
    - hash: md5
      md5: 59a3b7bc05565aa8f3329e636629a97d
      path: artifacts/pack_light_1.bin
      size: 10485760
    - hash: md5
      md5: 9e1c4c58720322b8fcd484f9d552c402
      path: metrics/pack_light_1.json
      size: 137
  pack_light_2:
    cmd: python3 simulate_research.py pack_light_2
    deps:
    - hash: md5
      md5: a2291a7b5ee9b2b538d28e0ce4996955
      path: artifacts/prep.txt
      size: 71
    - hash: md5
      md5: '00000000000000000000000000000000'
      path: simulate_research.py
      size: 23231
    outs:
    - hash: md5
      md5: 7a3da3fe48338bb7a947936ea99e64f6
      path: artifacts/pack_light_2.bin
      size: 10485760
    - hash: md5
      md5: 8d0a781287df1489193a8b37678baa4a
      path: metrics/pack_light_2.json
      size: 137
  prep:
    cmd: python3 simulate_research.py prep
    deps:
    - hash: md5
      md5: '00000000000000000000000000000000'
      path: simulate_research.py
      size: 23231
    outs:
    - hash: md5
      md5: a2291a7b5ee9b2b538d28e0ce4996955
      path: artifacts/prep.txt
      size: 71
    - hash: md5
      md5: cc97757762161e1b5a3e29137ef41980
      path: metrics/prep.json
      size: 79
