schema: '2.0'
stages:
  dvc-code-analysis:
    cmd: bash .dvc-viewer/bootstrap.sh && dvc-viewer hash
    outs:
    - path: .dvc-viewer/hashes
      hash: md5
      md5: 1faf98845f913f29a6961f9c7b472cca.dir
      size: 329
      nfiles: 2
  fake_test:
    cmd: echo 'Pipeline DVC factice exécutée avec succès !'
    deps:
    - path: .cluster-ci
      hash: md5
      md5: 18379601b0ed5c1818a3a4a24b1e59ad
      size: 10
  research:
    cmd: python3 simulate_research.py
    deps:
    - path: .dvc-viewer/hashes/research.hash
      hash: md5
      md5: 9265ec24271a3f3a80189afc0990b326
      size: 64
    - path: simulate_research.py
      hash: md5
      md5: ee3a552a2c4b409971df859446b55539
      size: 3484
    outs:
    - path: artifacts/data.csv
      hash: md5
      md5: d1b3657087114cdda387f9618fcfdc1a
      size: 847
    - path: artifacts/metrics.json
      hash: md5
      md5: ef52dde570c11f8fb7e4720ce7c39881
      size: 189
    - path: artifacts/plot.png
      hash: md5
      md5: 8a752d1a82dc270f0f9dab839ad85f1c
      size: 36264
    - path: artifacts/random_plot.png
      hash: md5
      md5: 15d227b1fb99d2e7709e8b8117686d9a
      size: 37442
    - path: artifacts/random_table.csv
      hash: md5
      md5: 7c4c3a89a2fc514c9da489ffd8301f8a
      size: 191
